{
    "_readme": [
        "This file locks the dependencies of your project to a known state",
        "Read more about it at https://getcomposer.org/doc/01-basic-usage.md#installing-dependencies",
        "This file is @generated automatically"
    ],
    "content-hash": "19e05576ee9d652e072f865e490f27b5",
    "packages": [
        {
            "name": "benjaminhoegh/parsedown-extended",
            "version": "v1.2.9",
            "source": {
                "type": "git",
                "url": "https://github.com/BenjaminHoegh/ParsedownExtended.git",
                "reference": "bfbbf48640504e272d1fe503536aa05e5a17026b"
            },
            "dist": {
                "type": "zip",
                "url": "https://api.github.com/repos/BenjaminHoegh/ParsedownExtended/zipball/bfbbf48640504e272d1fe503536aa05e5a17026b",
                "reference": "bfbbf48640504e272d1fe503536aa05e5a17026b",
                "shasum": ""
            },
            "require": {
                "erusev/parsedown": ">=1.7.4 <2.0",
                "php": ">=7.4"
            },
            "require-dev": {
                "phpunit/phpunit": "^9.0",
                "vimeo/psalm": "^5.23"
            },
            "suggest": {
                "erusev/parsedown-extra": ">=0.8.1"
            },
            "type": "library",
            "autoload": {
                "psr-0": {
                    "ParsedownExtended": "src/"
                }
            },
            "notification-url": "https://packagist.org/downloads/",
            "license": [
                "MIT"
            ],
            "authors": [
                {
                    "name": "Benjamin Hoegh",
                    "homepage": "https://github.com/benjaminhoegh"
                }
            ],
            "description": "An extension for Parsedown.",
            "homepage": "https://github.com/benjaminhoegh/parsedown-extended",
            "keywords": [
                "markdown",
                "markdown extended",
                "parsedown",
                "parsedown extended"
            ],
            "support": {
                "issues": "https://github.com/BenjaminHoegh/ParsedownExtended/issues",
                "source": "https://github.com/BenjaminHoegh/ParsedownExtended/tree/v1.2.9"
            },
            "funding": [
                {
                    "url": "https://paypal.me/BenjaminHoegh",
                    "type": "custom"
                },
                {
                    "url": "https://www.buymeacoffee.com/BenjaminHoegh",
                    "type": "custom"
                }
            ],
            "time": "2024-03-17T05:25:56+00:00"
        },
        {
            "name": "erusev/parsedown",
            "version": "1.7.4",
            "source": {
                "type": "git",
                "url": "https://github.com/erusev/parsedown.git",
                "reference": "cb17b6477dfff935958ba01325f2e8a2bfa6dab3"
            },
            "dist": {
                "type": "zip",
                "url": "https://api.github.com/repos/erusev/parsedown/zipball/cb17b6477dfff935958ba01325f2e8a2bfa6dab3",
                "reference": "cb17b6477dfff935958ba01325f2e8a2bfa6dab3",
                "shasum": ""
            },
            "require": {
                "ext-mbstring": "*",
                "php": ">=5.3.0"
            },
            "require-dev": {
                "phpunit/phpunit": "^4.8.35"
            },
            "type": "library",
            "autoload": {
                "psr-0": {
                    "Parsedown": ""
                }
            },
            "notification-url": "https://packagist.org/downloads/",
            "license": [
                "MIT"
            ],
            "authors": [
                {
                    "name": "Emanuil Rusev",
                    "email": "hello@erusev.com",
                    "homepage": "http://erusev.com"
                }
            ],
            "description": "Parser for Markdown.",
            "homepage": "http://parsedown.org",
            "keywords": [
                "markdown",
                "parser"
            ],
            "support": {
                "issues": "https://github.com/erusev/parsedown/issues",
                "source": "https://github.com/erusev/parsedown/tree/1.7.x"
            },
            "time": "2019-12-30T22:54:17+00:00"
        },
        {
            "name": "supergnaw/form-security",
            "version": "v1.0.1",
            "source": {
                "type": "git",
                "url": "https://github.com/supergnaw/FormSecurity.git",
                "reference": "838ff736897c83a5ada64f0287ce7db26a0fbad1"
            },
            "dist": {
                "type": "zip",
                "url": "https://api.github.com/repos/supergnaw/FormSecurity/zipball/838ff736897c83a5ada64f0287ce7db26a0fbad1",
                "reference": "838ff736897c83a5ada64f0287ce7db26a0fbad1",
                "shasum": ""
            },
            "type": "library",
            "autoload": {
                "psr-4": {
                    "Supergnaw\\FormSecurity\\": "src/"
                }
            },
            "notification-url": "https://packagist.org/downloads/",
            "license": [
                "AGPL-3.0"
            ],
            "description": "Class for simplifying webpage form security",
            "support": {
                "issues": "https://github.com/supergnaw/FormSecurity/issues",
                "source": "https://github.com/supergnaw/FormSecurity/tree/v1.0.1"
            },
            "time": "2024-03-20T02:30:03+00:00"
        },
        {
            "name": "supergnaw/nestbox",
            "version": "0.0.2",
            "source": {
                "type": "git",
                "url": "https://github.com/supergnaw/Nestbox.git",
                "reference": "7b315b5339d1d91738612607473b7a68c34811b2"
            },
            "dist": {
                "type": "zip",
                "url": "https://api.github.com/repos/supergnaw/Nestbox/zipball/7b315b5339d1d91738612607473b7a68c34811b2",
                "reference": "7b315b5339d1d91738612607473b7a68c34811b2",
                "shasum": ""
            },
            "type": "library",
            "autoload": {
                "psr-4": {
                    "Supergnaw\\Nestbox\\": "src/"
                }
            },
            "notification-url": "https://packagist.org/downloads/",
            "license": [
                "AGPL-3.0"
            ],
            "description": "A interface for databases using PHP Data Objects written to easily fill gaps of niche requirements.",
            "support": {
                "issues": "https://github.com/supergnaw/Nestbox/issues",
                "source": "https://github.com/supergnaw/Nestbox/tree/0.0.2"
            },
            "time": "2024-03-20T04:55:57+00:00"
        },
        {
            "name": "supergnaw/playfab-php",
            "version": "1.0.2",
            "source": {
                "type": "git",
                "url": "https://github.com/supergnaw/PlayFab-PHP.git",
                "reference": "d8152bf92ee97298a7daa96517f8af7bc6f3a8ee"
            },
            "dist": {
                "type": "zip",
                "url": "https://api.github.com/repos/supergnaw/PlayFab-PHP/zipball/d8152bf92ee97298a7daa96517f8af7bc6f3a8ee",
                "reference": "d8152bf92ee97298a7daa96517f8af7bc6f3a8ee",
                "shasum": ""
            },
            "type": "library",
            "autoload": {
                "psr-4": {
                    "Supergnaw\\PlayFabPhp\\": "src/"
                }
            },
            "notification-url": "https://packagist.org/downloads/",
            "license": [
                "GPL-3.0"
            ],
            "description": "A single-file PHP class for simple PlayFab API calls that uses the local database for caching.",
            "support": {
                "issues": "https://github.com/supergnaw/PlayFab-PHP/issues",
                "source": "https://github.com/supergnaw/PlayFab-PHP/tree/1.0.2"
            },
            "time": "2024-03-20T04:22:49+00:00"
        }
    ],
    "packages-dev": [],
    "aliases": [],
    "minimum-stability": "stable",
    "stability-flags": [],
    "prefer-stable": false,
    "prefer-lowest": false,
    "platform": {
        "ext-pdo": "*",
        "ext-curl": "*",
        "ext-sqlite3": "*"
    },
    "platform-dev": [],
    "plugin-api-version": "2.6.0"
}
